
Microsoft Visual Studio Solution File, Format Version 12.00
# Visual Studio Version 17
VisualStudioVersion = 17.14.37111.16 d17.14
MinimumVisualStudioVersion = 10.0.40219.1
Project("{FAE04EC0-301F-11D3-BF4B-00C04F79EFBC}") = "bao-asp", "bao-asp.csproj", "{265C9D4F-732C-44DD-84AE-41C95091CD0C}"
EndProject
Global
	GlobalSection(SolutionConfigurationPlatforms) = preSolution
		Debug|Any CPU = Debug|Any CPU
		Release|Any CPU = Release|Any CPU
	EndGlobalSection
	GlobalSection(ProjectConfigurationPlatforms) = postSolution
		{265C9D4F-732C-44DD-84AE-41C95091CD0C}.Debug|Any CPU.ActiveCfg = Debug|Any CPU
		{265C9D4F-732C-44DD-84AE-41C95091CD0C}.Debug|Any CPU.Build.0 = Debug|Any CPU
		{265C9D4F-732C-44DD-84AE-41C95091CD0C}.Release|Any CPU.ActiveCfg = Release|Any CPU
		{265C9D4F-732C-44DD-84AE-41C95091CD0C}.Release|Any CPU.Build.0 = Release|Any CPU
	EndGlobalSection
	GlobalSection(SolutionProperties) = preSolution
		HideSolutionNode = FALSE
	EndGlobalSection
	GlobalSection(ExtensibilityGlobals) = postSolution
		SolutionGuid = {59AECD26-65F9-4F02-9E16-D36B8D674E2E}
	EndGlobalSection
EndGlobal
